
Microsoft Visual Studio Solution File, Format Version 12.00
# Visual Studio Version 16
VisualStudioVersion = 16.0.31410.357
MinimumVisualStudioVersion = 10.0.40219.1
Project("{FAE04EC0-301F-11D3-BF4B-00C04F79EFBC}") = "LoanCalculatorApi", "LoanCalculatorApi\LoanCalculatorApi.csproj", "{19AA9DC7-96E3-43D8-A220-25AD411D2A98}"
EndProject
Project("{FAE04EC0-301F-11D3-BF4B-00C04F79EFBC}") = "LoanCalulatorCore", "LoanCalulatorCore\LoanCalulatorCore.csproj", "{C0C7D997-B938-48EA-A69F-68EF4BFF8FF2}"
EndProject
Global
	GlobalSection(SolutionConfigurationPlatforms) = preSolution
		Debug|Any CPU = Debug|Any CPU
		Release|Any CPU = Release|Any CPU
	EndGlobalSection
	GlobalSection(ProjectConfigurationPlatforms) = postSolution
		{19AA9DC7-96E3-43D8-A220-25AD411D2A98}.Debug|Any CPU.ActiveCfg = Debug|Any CPU
		{19AA9DC7-96E3-43D8-A220-25AD411D2A98}.Debug|Any CPU.Build.0 = Debug|Any CPU
		{19AA9DC7-96E3-43D8-A220-25AD411D2A98}.Release|Any CPU.ActiveCfg = Release|Any CPU
		{19AA9DC7-96E3-43D8-A220-25AD411D2A98}.Release|Any CPU.Build.0 = Release|Any CPU
		{C0C7D997-B938-48EA-A69F-68EF4BFF8FF2}.Debug|Any CPU.ActiveCfg = Debug|Any CPU
		{C0C7D997-B938-48EA-A69F-68EF4BFF8FF2}.Debug|Any CPU.Build.0 = Debug|Any CPU
		{C0C7D997-B938-48EA-A69F-68EF4BFF8FF2}.Release|Any CPU.ActiveCfg = Release|Any CPU
		{C0C7D997-B938-48EA-A69F-68EF4BFF8FF2}.Release|Any CPU.Build.0 = Release|Any CPU
	EndGlobalSection
	GlobalSection(SolutionProperties) = preSolution
		HideSolutionNode = FALSE
	EndGlobalSection
	GlobalSection(ExtensibilityGlobals) = postSolution
		SolutionGuid = {A48EDDC8-9622-4C52-858F-FB9BBE0BD841}
	EndGlobalSection
EndGlobal
